
Microsoft Visual Studio Solution File, Format Version 12.00
# Visual Studio Version 17
VisualStudioVersion = 17.6.33712.159
MinimumVisualStudioVersion = 10.0.40219.1
Project("{FAE04EC0-301F-11D3-BF4B-00C04F79EFBC}") = "ConsoleApp1", "ConsoleApp1\ConsoleApp1.csproj", "{D71FF4D5-76A8-4806-BB72-C340EF705125}"
EndProject
Global
	GlobalSection(SolutionConfigurationPlatforms) = preSolution
		Debug|Any CPU = Debug|Any CPU
		Release|Any CPU = Release|Any CPU
	EndGlobalSection
	GlobalSection(ProjectConfigurationPlatforms) = postSolution
		{D71FF4D5-76A8-4806-BB72-C340EF705125}.Debug|Any CPU.ActiveCfg = Debug|Any CPU
		{D71FF4D5-76A8-4806-BB72-C340EF705125}.Debug|Any CPU.Build.0 = Debug|Any CPU
		{D71FF4D5-76A8-4806-BB72-C340EF705125}.Release|Any CPU.ActiveCfg = Release|Any CPU
		{D71FF4D5-76A8-4806-BB72-C340EF705125}.Release|Any CPU.Build.0 = Release|Any CPU
	EndGlobalSection
	GlobalSection(SolutionProperties) = preSolution
		HideSolutionNode = FALSE
	EndGlobalSection
	GlobalSection(ExtensibilityGlobals) = postSolution
		SolutionGuid = {80EC8CAD-B309-4178-A3F3-796B4C2436AC}
	EndGlobalSection
EndGlobal
